PODS:
  - Flutter (1.0.0)
  - xi_ma_la_ya_plugin (0.0.1):
    - Flutter

DEPENDENCIES:
  - Flutter (from `Flutter`)
  - xi_ma_la_ya_plugin (from `.symlinks/plugins/xi_ma_la_ya_plugin/ios`)

EXTERNAL SOURCES:
  Flutter:
    :path: Flutter
  xi_ma_la_ya_plugin:
    :path: ".symlinks/plugins/xi_ma_la_ya_plugin/ios"

SPEC CHECKSUMS:
  Flutter: 0e3d915762c693b495b44d77113d4970485de6ec
  xi_ma_la_ya_plugin: 5d3592d285c9e5e0354037255c25ea9b47c6f9f3

PODFILE CHECKSUM: aafe91acc616949ddb318b77800a7f51bffa2a4c

COCOAPODS: 1.10.0.rc.1
